
Microsoft Visual Studio Solution File, Format Version 12.00
# Visual Studio Version 16
VisualStudioVersion = 16.0.29020.237
MinimumVisualStudioVersion = 10.0.40219.1
Project("{FAE04EC0-301F-11D3-BF4B-00C04F79EFBC}") = "Sample.UWP", "Sample.UWP\Sample.UWP.csproj", "{6EC49C27-FAEB-473B-B34B-684C4E240DEF}"
EndProject
Project("{FAE04EC0-301F-11D3-BF4B-00C04F79EFBC}") = "Sample.Android", "Sample.Android\Sample.Android.csproj", "{4F1803AC-BC80-49F0-BC06-02D746FEC68E}"
EndProject
Project("{FAE04EC0-301F-11D3-BF4B-00C04F79EFBC}") = "Sample.iOS", "Sample.iOS\Sample.iOS.csproj", "{3A45D7E6-3E7A-4A8D-8A22-03866FED1B35}"
EndProject
Project("{9A19103F-16F7-4668-BE54-9A1E7A4F7556}") = "Sample", "Sample\Sample.csproj", "{3BFBB96C-6468-4E90-B338-ED2594C73C1E}"
EndProject
Project("{2150E333-8FDC-42A3-9474-1A3956D46DE8}") = "stylecop", "stylecop", "{6D8FA9DB-5187-4452-A134-01D53AF1D6A3}"
	ProjectSection(SolutionItems) = preProject
		stylecop.json = stylecop.json
		StyleCopRules.ruleset = StyleCopRules.ruleset
	EndProjectSection
EndProject
Project("{2150E333-8FDC-42A3-9474-1A3956D46DE8}") = "Sharpnado", "Sharpnado", "{00FE3F63-3A2A-4DB8-9B01-560BF078CF05}"
EndProject
Project("{9A19103F-16F7-4668-BE54-9A1E7A4F7556}") = "SkiaSharpnado", "..\SkiaSharpnado\SkiaSharpnado.csproj", "{8ED1FE75-0B48-4D4E-BDCE-FDCF046128D6}"
EndProject
Project("{9A19103F-16F7-4668-BE54-9A1E7A4F7556}") = "SkiaSharpnado.Maps", "..\SkiaSharpnado.Maps\SkiaSharpnado.Maps.csproj", "{A9EA05BA-26DE-4005-83BB-FDF1289D2F2D}"
EndProject
Project("{2150E333-8FDC-42A3-9474-1A3956D46DE8}") = "Maps", "Maps", "{628C4F01-81BB-4BEE-862F-380B03017DAF}"
EndProject
Project("{9A19103F-16F7-4668-BE54-9A1E7A4F7556}") = "Xamarin.Forms.Maps", "..\..\Xamarin.Forms\Xamarin.Forms.Maps\Xamarin.Forms.Maps.csproj", "{416F75F4-01A2-40F2-8666-47F8B52CD1E4}"
EndProject
Project("{FAE04EC0-301F-11D3-BF4B-00C04F79EFBC}") = "Xamarin.Forms.Maps.Android", "..\..\Xamarin.Forms\Xamarin.Forms.Maps.Android\Xamarin.Forms.Maps.Android.csproj", "{BD50B39A-EBC5-408F-9C5E-923A8EBAE473}"
EndProject
Project("{FAE04EC0-301F-11D3-BF4B-00C04F79EFBC}") = "Xamarin.Forms.Maps.iOS", "..\..\Xamarin.Forms\Xamarin.Forms.Maps.iOS\Xamarin.Forms.Maps.iOS.csproj", "{ABA078C4-F9BB-4924-8B2B-10FE0D2F5491}"
EndProject
Project("{FAE04EC0-301F-11D3-BF4B-00C04F79EFBC}") = "Xamarin.Forms.Maps.UWP", "..\..\Xamarin.Forms\Xamarin.Forms.Maps.UWP\Xamarin.Forms.Maps.UWP.csproj", "{04D89A60-78EF-4A32-AE17-87E47E0233A5}"
EndProject
Project("{9A19103F-16F7-4668-BE54-9A1E7A4F7556}") = "Xamarin.Forms.Core", "..\..\Xamarin.Forms\Xamarin.Forms.Core\Xamarin.Forms.Core.csproj", "{1C2A76EB-3847-4369-9F6E-677AE4B49318}"
EndProject
Project("{9A19103F-16F7-4668-BE54-9A1E7A4F7556}") = "Xamarin.Forms.Platform", "..\..\Xamarin.Forms\Xamarin.Forms.Platform\Xamarin.Forms.Platform.csproj", "{C4D2B1CB-6246-4B40-93AB-F14D4D27C2AE}"
EndProject
Project("{FAE04EC0-301F-11D3-BF4B-00C04F79EFBC}") = "Xamarin.Forms.Platform.UAP", "..\..\Xamarin.Forms\Xamarin.Forms.Platform.UAP\Xamarin.Forms.Platform.UAP.csproj", "{00D8D049-FFAA-4759-8FC9-1ECA30777F72}"
EndProject
Project("{9A19103F-16F7-4668-BE54-9A1E7A4F7556}") = "Xamarin.Forms.Xaml", "..\..\Xamarin.Forms\Xamarin.Forms.Xaml\Xamarin.Forms.Xaml.csproj", "{09AD4C9A-5AB0-41BF-896D-19EBFE63B031}"
EndProject
Project("{FAE04EC0-301F-11D3-BF4B-00C04F79EFBC}") = "Xamarin.Forms.Platform.Android", "..\..\Xamarin.Forms\Xamarin.Forms.Platform.Android\Xamarin.Forms.Platform.Android.csproj", "{0E16E70A-D6DD-4323-AD5D-363ABFF42D6A}"
EndProject
Project("{FAE04EC0-301F-11D3-BF4B-00C04F79EFBC}") = "Xamarin.Forms.Platform.Android.FormsViewGroup", "..\..\Xamarin.Forms\Xamarin.Forms.Platform.Android.FormsViewGroup\Xamarin.Forms.Platform.Android.FormsViewGroup.csproj", "{3B72465B-ACAE-43AE-9327-10F372FE5F80}"
EndProject
Project("{FAE04EC0-301F-11D3-BF4B-00C04F79EFBC}") = "Xamarin.Forms.Platform.iOS", "..\..\Xamarin.Forms\Xamarin.Forms.Platform.iOS\Xamarin.Forms.Platform.iOS.csproj", "{271193C1-6E7C-429C-A36D-3F1BE5267231}"
EndProject
Global
	GlobalSection(SolutionConfigurationPlatforms) = preSolution
		Debug|Any CPU = Debug|Any CPU
		Debug|ARM = Debug|ARM
		Debug|iPhone = Debug|iPhone
		Debug|iPhoneSimulator = Debug|iPhoneSimulator
		Debug|x64 = Debug|x64
		Debug|x86 = Debug|x86
		Release|Any CPU = Release|Any CPU
		Release|ARM = Release|ARM
		Release|iPhone = Release|iPhone
		Release|iPhoneSimulator = Release|iPhoneSimulator
		Release|x64 = Release|x64
		Release|x86 = Release|x86
	EndGlobalSection
	GlobalSection(ProjectConfigurationPlatforms) = postSolution
		{6EC49C27-FAEB-473B-B34B-684C4E240DEF}.Debug|Any CPU.ActiveCfg = Debug|x86
		{6EC49C27-FAEB-473B-B34B-684C4E240DEF}.Debug|Any CPU.Build.0 = Debug|x86
		{6EC49C27-FAEB-473B-B34B-684C4E240DEF}.Debug|Any CPU.Deploy.0 = Debug|x86
		{6EC49C27-FAEB-473B-B34B-684C4E240DEF}.Debug|ARM.ActiveCfg = Debug|ARM
		{6EC49C27-FAEB-473B-B34B-684C4E240DEF}.Debug|ARM.Build.0 = Debug|ARM
		{6EC49C27-FAEB-473B-B34B-684C4E240DEF}.Debug|ARM.Deploy.0 = Debug|ARM
		{6EC49C27-FAEB-473B-B34B-684C4E240DEF}.Debug|iPhone.ActiveCfg = Debug|x86
		{6EC49C27-FAEB-473B-B34B-684C4E240DEF}.Debug|iPhone.Build.0 = Debug|x86
		{6EC49C27-FAEB-473B-B34B-684C4E240DEF}.Debug|iPhone.Deploy.0 = Debug|x86
		{6EC49C27-FAEB-473B-B34B-684C4E240DEF}.Debug|iPhoneSimulator.ActiveCfg = Debug|x86
		{6EC49C27-FAEB-473B-B34B-684C4E240DEF}.Debug|iPhoneSimulator.Build.0 = Debug|x86
		{6EC49C27-FAEB-473B-B34B-684C4E240DEF}.Debug|iPhoneSimulator.Deploy.0 = Debug|x86
		{6EC49C27-FAEB-473B-B34B-684C4E240DEF}.Debug|x64.ActiveCfg = Debug|x64
		{6EC49C27-FAEB-473B-B34B-684C4E240DEF}.Debug|x64.Build.0 = Debug|x64
		{6EC49C27-FAEB-473B-B34B-684C4E240DEF}.Debug|x64.Deploy.0 = Debug|x64
		{6EC49C27-FAEB-473B-B34B-684C4E240DEF}.Debug|x86.ActiveCfg = Debug|x86
		{6EC49C27-FAEB-473B-B34B-684C4E240DEF}.Debug|x86.Build.0 = Debug|x86
		{6EC49C27-FAEB-473B-B34B-684C4E240DEF}.Debug|x86.Deploy.0 = Debug|x86
		{6EC49C27-FAEB-473B-B34B-684C4E240DEF}.Release|Any CPU.ActiveCfg = Release|x86
		{6EC49C27-FAEB-473B-B34B-684C4E240DEF}.Release|Any CPU.Build.0 = Release|x86
		{6EC49C27-FAEB-473B-B34B-684C4E240DEF}.Release|Any CPU.Deploy.0 = Release|x86
		{6EC49C27-FAEB-473B-B34B-684C4E240DEF}.Release|ARM.ActiveCfg = Release|ARM
		{6EC49C27-FAEB-473B-B34B-684C4E240DEF}.Release|ARM.Build.0 = Release|ARM
		{6EC49C27-FAEB-473B-B34B-684C4E240DEF}.Release|ARM.Deploy.0 = Release|ARM
		{6EC49C27-FAEB-473B-B34B-684C4E240DEF}.Release|iPhone.ActiveCfg = Release|x86
		{6EC49C27-FAEB-473B-B34B-684C4E240DEF}.Release|iPhone.Build.0 = Release|x86
		{6EC49C27-FAEB-473B-B34B-684C4E240DEF}.Release|iPhone.Deploy.0 = Release|x86
		{6EC49C27-FAEB-473B-B34B-684C4E240DEF}.Release|iPhoneSimulator.ActiveCfg = Release|x86
		{6EC49C27-FAEB-473B-B34B-684C4E240DEF}.Release|iPhoneSimulator.Build.0 = Release|x86
		{6EC49C27-FAEB-473B-B34B-684C4E240DEF}.Release|iPhoneSimulator.Deploy.0 = Release|x86
		{6EC49C27-FAEB-473B-B34B-684C4E240DEF}.Release|x64.ActiveCfg = Release|x64
		{6EC49C27-FAEB-473B-B34B-684C4E240DEF}.Release|x64.Build.0 = Release|x64
		{6EC49C27-FAEB-473B-B34B-684C4E240DEF}.Release|x64.Deploy.0 = Release|x64
		{6EC49C27-FAEB-473B-B34B-684C4E240DEF}.Release|x86.ActiveCfg = Release|x86
		{6EC49C27-FAEB-473B-B34B-684C4E240DEF}.Release|x86.Build.0 = Release|x86
		{6EC49C27-FAEB-473B-B34B-684C4E240DEF}.Release|x86.Deploy.0 = Release|x86
		{4F1803AC-BC80-49F0-BC06-02D746FEC68E}.Debug|Any CPU.ActiveCfg = Debug|Any CPU
		{4F1803AC-BC80-49F0-BC06-02D746FEC68E}.Debug|Any CPU.Build.0 = Debug|Any CPU
		{4F1803AC-BC80-49F0-BC06-02D746FEC68E}.Debug|Any CPU.Deploy.0 = Debug|Any CPU
		{4F1803AC-BC80-49F0-BC06-02D746FEC68E}.Debug|ARM.ActiveCfg = Debug|Any CPU
		{4F1803AC-BC80-49F0-BC06-02D746FEC68E}.Debug|ARM.Build.0 = Debug|Any CPU
		{4F1803AC-BC80-49F0-BC06-02D746FEC68E}.Debug|ARM.Deploy.0 = Debug|Any CPU
		{4F1803AC-BC80-49F0-BC06-02D746FEC68E}.Debug|iPhone.ActiveCfg = Debug|Any CPU
		{4F1803AC-BC80-49F0-BC06-02D746FEC68E}.Debug|iPhone.Build.0 = Debug|Any CPU
		{4F1803AC-BC80-49F0-BC06-02D746FEC68E}.Debug|iPhone.Deploy.0 = Debug|Any CPU
		{4F1803AC-BC80-49F0-BC06-02D746FEC68E}.Debug|iPhoneSimulator.ActiveCfg = Debug|Any CPU
		{4F1803AC-BC80-49F0-BC06-02D746FEC68E}.Debug|iPhoneSimulator.Build.0 = Debug|Any CPU
		{4F1803AC-BC80-49F0-BC06-02D746FEC68E}.Debug|iPhoneSimulator.Deploy.0 = Debug|Any CPU
		{4F1803AC-BC80-49F0-BC06-02D746FEC68E}.Debug|x64.ActiveCfg = Debug|Any CPU
		{4F1803AC-BC80-49F0-BC06-02D746FEC68E}.Debug|x64.Build.0 = Debug|Any CPU
		{4F1803AC-BC80-49F0-BC06-02D746FEC68E}.Debug|x64.Deploy.0 = Debug|Any CPU
		{4F1803AC-BC80-49F0-BC06-02D746FEC68E}.Debug|x86.ActiveCfg = Debug|Any CPU
		{4F1803AC-BC80-49F0-BC06-02D746FEC68E}.Debug|x86.Build.0 = Debug|Any CPU
		{4F1803AC-BC80-49F0-BC06-02D746FEC68E}.Debug|x86.Deploy.0 = Debug|Any CPU
		{4F1803AC-BC80-49F0-BC06-02D746FEC68E}.Release|Any CPU.ActiveCfg = Release|Any CPU
		{4F1803AC-BC80-49F0-BC06-02D746FEC68E}.Release|Any CPU.Build.0 = Release|Any CPU
		{4F1803AC-BC80-49F0-BC06-02D746FEC68E}.Release|Any CPU.Deploy.0 = Release|Any CPU
		{4F1803AC-BC80-49F0-BC06-02D746FEC68E}.Release|ARM.ActiveCfg = Release|Any CPU
		{4F1803AC-BC80-49F0-BC06-02D746FEC68E}.Release|ARM.Build.0 = Release|Any CPU
		{4F1803AC-BC80-49F0-BC06-02D746FEC68E}.Release|ARM.Deploy.0 = Release|Any CPU
		{4F1803AC-BC80-49F0-BC06-02D746FEC68E}.Release|iPhone.ActiveCfg = Release|Any CPU
		{4F1803AC-BC80-49F0-BC06-02D746FEC68E}.Release|iPhone.Build.0 = Release|Any CPU
		{4F1803AC-BC80-49F0-BC06-02D746FEC68E}.Release|iPhone.Deploy.0 = Release|Any CPU
		{4F1803AC-BC80-49F0-BC06-02D746FEC68E}.Release|iPhoneSimulator.ActiveCfg = Release|Any CPU
		{4F1803AC-BC80-49F0-BC06-02D746FEC68E}.Release|iPhoneSimulator.Build.0 = Release|Any CPU
		{4F1803AC-BC80-49F0-BC06-02D746FEC68E}.Release|iPhoneSimulator.Deploy.0 = Release|Any CPU
		{4F1803AC-BC80-49F0-BC06-02D746FEC68E}.Release|x64.ActiveCfg = Release|Any CPU
		{4F1803AC-BC80-49F0-BC06-02D746FEC68E}.Release|x64.Build.0 = Release|Any CPU
		{4F1803AC-BC80-49F0-BC06-02D746FEC68E}.Release|x64.Deploy.0 = Release|Any CPU
		{4F1803AC-BC80-49F0-BC06-02D746FEC68E}.Release|x86.ActiveCfg = Release|Any CPU
		{4F1803AC-BC80-49F0-BC06-02D746FEC68E}.Release|x86.Build.0 = Release|Any CPU
		{4F1803AC-BC80-49F0-BC06-02D746FEC68E}.Release|x86.Deploy.0 = Release|Any CPU
		{3A45D7E6-3E7A-4A8D-8A22-03866FED1B35}.Debug|Any CPU.ActiveCfg = Debug|iPhone
		{3A45D7E6-3E7A-4A8D-8A22-03866FED1B35}.Debug|Any CPU.Build.0 = Debug|iPhone
		{3A45D7E6-3E7A-4A8D-8A22-03866FED1B35}.Debug|Any CPU.Deploy.0 = Debug|iPhone
		{3A45D7E6-3E7A-4A8D-8A22-03866FED1B35}.Debug|ARM.ActiveCfg = Debug|iPhoneSimulator
		{3A45D7E6-3E7A-4A8D-8A22-03866FED1B35}.Debug|ARM.Build.0 = Debug|iPhoneSimulator
		{3A45D7E6-3E7A-4A8D-8A22-03866FED1B35}.Debug|ARM.Deploy.0 = Debug|iPhoneSimulator
		{3A45D7E6-3E7A-4A8D-8A22-03866FED1B35}.Debug|iPhone.ActiveCfg = Debug|iPhone
		{3A45D7E6-3E7A-4A8D-8A22-03866FED1B35}.Debug|iPhone.Build.0 = Debug|iPhone
		{3A45D7E6-3E7A-4A8D-8A22-03866FED1B35}.Debug|iPhone.Deploy.0 = Debug|iPhone
		{3A45D7E6-3E7A-4A8D-8A22-03866FED1B35}.Debug|iPhoneSimulator.ActiveCfg = Debug|iPhoneSimulator
		{3A45D7E6-3E7A-4A8D-8A22-03866FED1B35}.Debug|iPhoneSimulator.Build.0 = Debug|iPhoneSimulator
		{3A45D7E6-3E7A-4A8D-8A22-03866FED1B35}.Debug|iPhoneSimulator.Deploy.0 = Debug|iPhoneSimulator
		{3A45D7E6-3E7A-4A8D-8A22-03866FED1B35}.Debug|x64.ActiveCfg = Debug|iPhone
		{3A45D7E6-3E7A-4A8D-8A22-03866FED1B35}.Debug|x64.Build.0 = Debug|iPhone
		{3A45D7E6-3E7A-4A8D-8A22-03866FED1B35}.Debug|x64.Deploy.0 = Debug|iPhone
		{3A45D7E6-3E7A-4A8D-8A22-03866FED1B35}.Debug|x86.ActiveCfg = Debug|iPhone
		{3A45D7E6-3E7A-4A8D-8A22-03866FED1B35}.Debug|x86.Build.0 = Debug|iPhone
		{3A45D7E6-3E7A-4A8D-8A22-03866FED1B35}.Debug|x86.Deploy.0 = Debug|iPhone
		{3A45D7E6-3E7A-4A8D-8A22-03866FED1B35}.Release|Any CPU.ActiveCfg = Release|iPhone
		{3A45D7E6-3E7A-4A8D-8A22-03866FED1B35}.Release|Any CPU.Build.0 = Release|iPhone
		{3A45D7E6-3E7A-4A8D-8A22-03866FED1B35}.Release|Any CPU.Deploy.0 = Release|iPhone
		{3A45D7E6-3E7A-4A8D-8A22-03866FED1B35}.Release|ARM.ActiveCfg = Release|iPhone
		{3A45D7E6-3E7A-4A8D-8A22-03866FED1B35}.Release|ARM.Build.0 = Release|iPhone
		{3A45D7E6-3E7A-4A8D-8A22-03866FED1B35}.Release|ARM.Deploy.0 = Release|iPhone
		{3A45D7E6-3E7A-4A8D-8A22-03866FED1B35}.Release|iPhone.ActiveCfg = Release|iPhone
		{3A45D7E6-3E7A-4A8D-8A22-03866FED1B35}.Release|iPhone.Build.0 = Release|iPhone
		{3A45D7E6-3E7A-4A8D-8A22-03866FED1B35}.Release|iPhone.Deploy.0 = Release|iPhone
		{3A45D7E6-3E7A-4A8D-8A22-03866FED1B35}.Release|iPhoneSimulator.ActiveCfg = Release|iPhoneSimulator
		{3A45D7E6-3E7A-4A8D-8A22-03866FED1B35}.Release|iPhoneSimulator.Build.0 = Release|iPhoneSimulator
		{3A45D7E6-3E7A-4A8D-8A22-03866FED1B35}.Release|iPhoneSimulator.Deploy.0 = Release|iPhoneSimulator
		{3A45D7E6-3E7A-4A8D-8A22-03866FED1B35}.Release|x64.ActiveCfg = Release|iPhone
		{3A45D7E6-3E7A-4A8D-8A22-03866FED1B35}.Release|x64.Build.0 = Release|iPhone
		{3A45D7E6-3E7A-4A8D-8A22-03866FED1B35}.Release|x64.Deploy.0 = Release|iPhone
		{3A45D7E6-3E7A-4A8D-8A22-03866FED1B35}.Release|x86.ActiveCfg = Release|iPhone
		{3A45D7E6-3E7A-4A8D-8A22-03866FED1B35}.Release|x86.Build.0 = Release|iPhone
		{3A45D7E6-3E7A-4A8D-8A22-03866FED1B35}.Release|x86.Deploy.0 = Release|iPhone
		{3BFBB96C-6468-4E90-B338-ED2594C73C1E}.Debug|Any CPU.ActiveCfg = Debug|Any CPU
		{3BFBB96C-6468-4E90-B338-ED2594C73C1E}.Debug|Any CPU.Build.0 = Debug|Any CPU
		{3BFBB96C-6468-4E90-B338-ED2594C73C1E}.Debug|Any CPU.Deploy.0 = Debug|Any CPU
		{3BFBB96C-6468-4E90-B338-ED2594C73C1E}.Debug|ARM.ActiveCfg = Debug|Any CPU
		{3BFBB96C-6468-4E90-B338-ED2594C73C1E}.Debug|ARM.Build.0 = Debug|Any CPU
		{3BFBB96C-6468-4E90-B338-ED2594C73C1E}.Debug|ARM.Deploy.0 = Debug|Any CPU
		{3BFBB96C-6468-4E90-B338-ED2594C73C1E}.Debug|iPhone.ActiveCfg = Debug|Any CPU
		{3BFBB96C-6468-4E90-B338-ED2594C73C1E}.Debug|iPhone.Build.0 = Debug|Any CPU
		{3BFBB96C-6468-4E90-B338-ED2594C73C1E}.Debug|iPhone.Deploy.0 = Debug|Any CPU
		{3BFBB96C-6468-4E90-B338-ED2594C73C1E}.Debug|iPhoneSimulator.ActiveCfg = Debug|Any CPU
		{3BFBB96C-6468-4E90-B338-ED2594C73C1E}.Debug|iPhoneSimulator.Build.0 = Debug|Any CPU
		{3BFBB96C-6468-4E90-B338-ED2594C73C1E}.Debug|iPhoneSimulator.Deploy.0 = Debug|Any CPU
		{3BFBB96C-6468-4E90-B338-ED2594C73C1E}.Debug|x64.ActiveCfg = Debug|Any CPU
		{3BFBB96C-6468-4E90-B338-ED2594C73C1E}.Debug|x64.Build.0 = Debug|Any CPU
		{3BFBB96C-6468-4E90-B338-ED2594C73C1E}.Debug|x64.Deploy.0 = Debug|Any CPU
		{3BFBB96C-6468-4E90-B338-ED2594C73C1E}.Debug|x86.ActiveCfg = Debug|Any CPU
		{3BFBB96C-6468-4E90-B338-ED2594C73C1E}.Debug|x86.Build.0 = Debug|Any CPU
		{3BFBB96C-6468-4E90-B338-ED2594C73C1E}.Debug|x86.Deploy.0 = Debug|Any CPU
		{3BFBB96C-6468-4E90-B338-ED2594C73C1E}.Release|Any CPU.ActiveCfg = Release|Any CPU
		{3BFBB96C-6468-4E90-B338-ED2594C73C1E}.Release|Any CPU.Build.0 = Release|Any CPU
		{3BFBB96C-6468-4E90-B338-ED2594C73C1E}.Release|Any CPU.Deploy.0 = Release|Any CPU
		{3BFBB96C-6468-4E90-B338-ED2594C73C1E}.Release|ARM.ActiveCfg = Release|Any CPU
		{3BFBB96C-6468-4E90-B338-ED2594C73C1E}.Release|ARM.Build.0 = Release|Any CPU
		{3BFBB96C-6468-4E90-B338-ED2594C73C1E}.Release|ARM.Deploy.0 = Release|Any CPU
		{3BFBB96C-6468-4E90-B338-ED2594C73C1E}.Release|iPhone.ActiveCfg = Release|Any CPU
		{3BFBB96C-6468-4E90-B338-ED2594C73C1E}.Release|iPhone.Build.0 = Release|Any CPU
		{3BFBB96C-6468-4E90-B338-ED2594C73C1E}.Release|iPhone.Deploy.0 = Release|Any CPU
		{3BFBB96C-6468-4E90-B338-ED2594C73C1E}.Release|iPhoneSimulator.ActiveCfg = Release|Any CPU
		{3BFBB96C-6468-4E90-B338-ED2594C73C1E}.Release|iPhoneSimulator.Build.0 = Release|Any CPU
		{3BFBB96C-6468-4E90-B338-ED2594C73C1E}.Release|iPhoneSimulator.Deploy.0 = Release|Any CPU
		{3BFBB96C-6468-4E90-B338-ED2594C73C1E}.Release|x64.ActiveCfg = Release|Any CPU
		{3BFBB96C-6468-4E90-B338-ED2594C73C1E}.Release|x64.Build.0 = Release|Any CPU
		{3BFBB96C-6468-4E90-B338-ED2594C73C1E}.Release|x64.Deploy.0 = Release|Any CPU
		{3BFBB96C-6468-4E90-B338-ED2594C73C1E}.Release|x86.ActiveCfg = Release|Any CPU
		{3BFBB96C-6468-4E90-B338-ED2594C73C1E}.Release|x86.Build.0 = Release|Any CPU
		{3BFBB96C-6468-4E90-B338-ED2594C73C1E}.Release|x86.Deploy.0 = Release|Any CPU
		{8ED1FE75-0B48-4D4E-BDCE-FDCF046128D6}.Debug|Any CPU.ActiveCfg = Debug|Any CPU
		{8ED1FE75-0B48-4D4E-BDCE-FDCF046128D6}.Debug|Any CPU.Build.0 = Debug|Any CPU
		{8ED1FE75-0B48-4D4E-BDCE-FDCF046128D6}.Debug|ARM.ActiveCfg = Debug|Any CPU
		{8ED1FE75-0B48-4D4E-BDCE-FDCF046128D6}.Debug|ARM.Build.0 = Debug|Any CPU
		{8ED1FE75-0B48-4D4E-BDCE-FDCF046128D6}.Debug|iPhone.ActiveCfg = Debug|Any CPU
		{8ED1FE75-0B48-4D4E-BDCE-FDCF046128D6}.Debug|iPhone.Build.0 = Debug|Any CPU
		{8ED1FE75-0B48-4D4E-BDCE-FDCF046128D6}.Debug|iPhoneSimulator.ActiveCfg = Debug|Any CPU
		{8ED1FE75-0B48-4D4E-BDCE-FDCF046128D6}.Debug|iPhoneSimulator.Build.0 = Debug|Any CPU
		{8ED1FE75-0B48-4D4E-BDCE-FDCF046128D6}.Debug|x64.ActiveCfg = Debug|Any CPU
		{8ED1FE75-0B48-4D4E-BDCE-FDCF046128D6}.Debug|x64.Build.0 = Debug|Any CPU
		{8ED1FE75-0B48-4D4E-BDCE-FDCF046128D6}.Debug|x86.ActiveCfg = Debug|Any CPU
		{8ED1FE75-0B48-4D4E-BDCE-FDCF046128D6}.Debug|x86.Build.0 = Debug|Any CPU
		{8ED1FE75-0B48-4D4E-BDCE-FDCF046128D6}.Release|Any CPU.ActiveCfg = Release|Any CPU
		{8ED1FE75-0B48-4D4E-BDCE-FDCF046128D6}.Release|Any CPU.Build.0 = Release|Any CPU
		{8ED1FE75-0B48-4D4E-BDCE-FDCF046128D6}.Release|ARM.ActiveCfg = Release|Any CPU
		{8ED1FE75-0B48-4D4E-BDCE-FDCF046128D6}.Release|ARM.Build.0 = Release|Any CPU
		{8ED1FE75-0B48-4D4E-BDCE-FDCF046128D6}.Release|iPhone.ActiveCfg = Release|Any CPU
		{8ED1FE75-0B48-4D4E-BDCE-FDCF046128D6}.Release|iPhone.Build.0 = Release|Any CPU
		{8ED1FE75-0B48-4D4E-BDCE-FDCF046128D6}.Release|iPhoneSimulator.ActiveCfg = Release|Any CPU
		{8ED1FE75-0B48-4D4E-BDCE-FDCF046128D6}.Release|iPhoneSimulator.Build.0 = Release|Any CPU
		{8ED1FE75-0B48-4D4E-BDCE-FDCF046128D6}.Release|x64.ActiveCfg = Release|Any CPU
		{8ED1FE75-0B48-4D4E-BDCE-FDCF046128D6}.Release|x64.Build.0 = Release|Any CPU
		{8ED1FE75-0B48-4D4E-BDCE-FDCF046128D6}.Release|x86.ActiveCfg = Release|Any CPU
		{8ED1FE75-0B48-4D4E-BDCE-FDCF046128D6}.Release|x86.Build.0 = Release|Any CPU
		{A9EA05BA-26DE-4005-83BB-FDF1289D2F2D}.Debug|Any CPU.ActiveCfg = Debug|Any CPU
		{A9EA05BA-26DE-4005-83BB-FDF1289D2F2D}.Debug|Any CPU.Build.0 = Debug|Any CPU
		{A9EA05BA-26DE-4005-83BB-FDF1289D2F2D}.Debug|ARM.ActiveCfg = Debug|Any CPU
		{A9EA05BA-26DE-4005-83BB-FDF1289D2F2D}.Debug|ARM.Build.0 = Debug|Any CPU
		{A9EA05BA-26DE-4005-83BB-FDF1289D2F2D}.Debug|iPhone.ActiveCfg = Debug|Any CPU
		{A9EA05BA-26DE-4005-83BB-FDF1289D2F2D}.Debug|iPhone.Build.0 = Debug|Any CPU
		{A9EA05BA-26DE-4005-83BB-FDF1289D2F2D}.Debug|iPhoneSimulator.ActiveCfg = Debug|Any CPU
		{A9EA05BA-26DE-4005-83BB-FDF1289D2F2D}.Debug|iPhoneSimulator.Build.0 = Debug|Any CPU
		{A9EA05BA-26DE-4005-83BB-FDF1289D2F2D}.Debug|x64.ActiveCfg = Debug|Any CPU
		{A9EA05BA-26DE-4005-83BB-FDF1289D2F2D}.Debug|x64.Build.0 = Debug|Any CPU
		{A9EA05BA-26DE-4005-83BB-FDF1289D2F2D}.Debug|x86.ActiveCfg = Debug|Any CPU
		{A9EA05BA-26DE-4005-83BB-FDF1289D2F2D}.Debug|x86.Build.0 = Debug|Any CPU
		{A9EA05BA-26DE-4005-83BB-FDF1289D2F2D}.Release|Any CPU.ActiveCfg = Release|Any CPU
		{A9EA05BA-26DE-4005-83BB-FDF1289D2F2D}.Release|Any CPU.Build.0 = Release|Any CPU
		{A9EA05BA-26DE-4005-83BB-FDF1289D2F2D}.Release|ARM.ActiveCfg = Release|Any CPU
		{A9EA05BA-26DE-4005-83BB-FDF1289D2F2D}.Release|ARM.Build.0 = Release|Any CPU
		{A9EA05BA-26DE-4005-83BB-FDF1289D2F2D}.Release|iPhone.ActiveCfg = Release|Any CPU
		{A9EA05BA-26DE-4005-83BB-FDF1289D2F2D}.Release|iPhone.Build.0 = Release|Any CPU
		{A9EA05BA-26DE-4005-83BB-FDF1289D2F2D}.Release|iPhoneSimulator.ActiveCfg = Release|Any CPU
		{A9EA05BA-26DE-4005-83BB-FDF1289D2F2D}.Release|iPhoneSimulator.Build.0 = Release|Any CPU
		{A9EA05BA-26DE-4005-83BB-FDF1289D2F2D}.Release|x64.ActiveCfg = Release|Any CPU
		{A9EA05BA-26DE-4005-83BB-FDF1289D2F2D}.Release|x64.Build.0 = Release|Any CPU
		{A9EA05BA-26DE-4005-83BB-FDF1289D2F2D}.Release|x86.ActiveCfg = Release|Any CPU
		{A9EA05BA-26DE-4005-83BB-FDF1289D2F2D}.Release|x86.Build.0 = Release|Any CPU
		{416F75F4-01A2-40F2-8666-47F8B52CD1E4}.Debug|Any CPU.ActiveCfg = Debug|Any CPU
		{416F75F4-01A2-40F2-8666-47F8B52CD1E4}.Debug|Any CPU.Build.0 = Debug|Any CPU
		{416F75F4-01A2-40F2-8666-47F8B52CD1E4}.Debug|ARM.ActiveCfg = Debug|Any CPU
		{416F75F4-01A2-40F2-8666-47F8B52CD1E4}.Debug|ARM.Build.0 = Debug|Any CPU
		{416F75F4-01A2-40F2-8666-47F8B52CD1E4}.Debug|iPhone.ActiveCfg = Debug|Any CPU
		{416F75F4-01A2-40F2-8666-47F8B52CD1E4}.Debug|iPhone.Build.0 = Debug|Any CPU
		{416F75F4-01A2-40F2-8666-47F8B52CD1E4}.Debug|iPhoneSimulator.ActiveCfg = Debug|Any CPU
		{416F75F4-01A2-40F2-8666-47F8B52CD1E4}.Debug|iPhoneSimulator.Build.0 = Debug|Any CPU
		{416F75F4-01A2-40F2-8666-47F8B52CD1E4}.Debug|x64.ActiveCfg = Debug|Any CPU
		{416F75F4-01A2-40F2-8666-47F8B52CD1E4}.Debug|x64.Build.0 = Debug|Any CPU
		{416F75F4-01A2-40F2-8666-47F8B52CD1E4}.Debug|x86.ActiveCfg = Debug|Any CPU
		{416F75F4-01A2-40F2-8666-47F8B52CD1E4}.Debug|x86.Build.0 = Debug|Any CPU
		{416F75F4-01A2-40F2-8666-47F8B52CD1E4}.Release|Any CPU.ActiveCfg = Release|Any CPU
		{416F75F4-01A2-40F2-8666-47F8B52CD1E4}.Release|Any CPU.Build.0 = Release|Any CPU
		{416F75F4-01A2-40F2-8666-47F8B52CD1E4}.Release|ARM.ActiveCfg = Release|Any CPU
		{416F75F4-01A2-40F2-8666-47F8B52CD1E4}.Release|ARM.Build.0 = Release|Any CPU
		{416F75F4-01A2-40F2-8666-47F8B52CD1E4}.Release|iPhone.ActiveCfg = Release|Any CPU
		{416F75F4-01A2-40F2-8666-47F8B52CD1E4}.Release|iPhone.Build.0 = Release|Any CPU
		{416F75F4-01A2-40F2-8666-47F8B52CD1E4}.Release|iPhoneSimulator.ActiveCfg = Release|Any CPU
		{416F75F4-01A2-40F2-8666-47F8B52CD1E4}.Release|iPhoneSimulator.Build.0 = Release|Any CPU
		{416F75F4-01A2-40F2-8666-47F8B52CD1E4}.Release|x64.ActiveCfg = Release|Any CPU
		{416F75F4-01A2-40F2-8666-47F8B52CD1E4}.Release|x64.Build.0 = Release|Any CPU
		{416F75F4-01A2-40F2-8666-47F8B52CD1E4}.Release|x86.ActiveCfg = Release|Any CPU
		{416F75F4-01A2-40F2-8666-47F8B52CD1E4}.Release|x86.Build.0 = Release|Any CPU
		{BD50B39A-EBC5-408F-9C5E-923A8EBAE473}.Debug|Any CPU.ActiveCfg = Debug|Any CPU
		{BD50B39A-EBC5-408F-9C5E-923A8EBAE473}.Debug|Any CPU.Build.0 = Debug|Any CPU
		{BD50B39A-EBC5-408F-9C5E-923A8EBAE473}.Debug|ARM.ActiveCfg = Debug|Any CPU
		{BD50B39A-EBC5-408F-9C5E-923A8EBAE473}.Debug|ARM.Build.0 = Debug|Any CPU
		{BD50B39A-EBC5-408F-9C5E-923A8EBAE473}.Debug|iPhone.ActiveCfg = Debug|Any CPU
		{BD50B39A-EBC5-408F-9C5E-923A8EBAE473}.Debug|iPhone.Build.0 = Debug|Any CPU
		{BD50B39A-EBC5-408F-9C5E-923A8EBAE473}.Debug|iPhoneSimulator.ActiveCfg = Debug|Any CPU
		{BD50B39A-EBC5-408F-9C5E-923A8EBAE473}.Debug|iPhoneSimulator.Build.0 = Debug|Any CPU
		{BD50B39A-EBC5-408F-9C5E-923A8EBAE473}.Debug|x64.ActiveCfg = Debug|Any CPU
		{BD50B39A-EBC5-408F-9C5E-923A8EBAE473}.Debug|x64.Build.0 = Debug|Any CPU
		{BD50B39A-EBC5-408F-9C5E-923A8EBAE473}.Debug|x86.ActiveCfg = Debug|Any CPU
		{BD50B39A-EBC5-408F-9C5E-923A8EBAE473}.Debug|x86.Build.0 = Debug|Any CPU
		{BD50B39A-EBC5-408F-9C5E-923A8EBAE473}.Release|Any CPU.ActiveCfg = Release|Any CPU
		{BD50B39A-EBC5-408F-9C5E-923A8EBAE473}.Release|Any CPU.Build.0 = Release|Any CPU
		{BD50B39A-EBC5-408F-9C5E-923A8EBAE473}.Release|ARM.ActiveCfg = Release|Any CPU
		{BD50B39A-EBC5-408F-9C5E-923A8EBAE473}.Release|ARM.Build.0 = Release|Any CPU
		{BD50B39A-EBC5-408F-9C5E-923A8EBAE473}.Release|iPhone.ActiveCfg = Release|Any CPU
		{BD50B39A-EBC5-408F-9C5E-923A8EBAE473}.Release|iPhone.Build.0 = Release|Any CPU
		{BD50B39A-EBC5-408F-9C5E-923A8EBAE473}.Release|iPhoneSimulator.ActiveCfg = Release|Any CPU
		{BD50B39A-EBC5-408F-9C5E-923A8EBAE473}.Release|iPhoneSimulator.Build.0 = Release|Any CPU
		{BD50B39A-EBC5-408F-9C5E-923A8EBAE473}.Release|x64.ActiveCfg = Release|Any CPU
		{BD50B39A-EBC5-408F-9C5E-923A8EBAE473}.Release|x64.Build.0 = Release|Any CPU
		{BD50B39A-EBC5-408F-9C5E-923A8EBAE473}.Release|x86.ActiveCfg = Release|Any CPU
		{BD50B39A-EBC5-408F-9C5E-923A8EBAE473}.Release|x86.Build.0 = Release|Any CPU
		{ABA078C4-F9BB-4924-8B2B-10FE0D2F5491}.Debug|Any CPU.ActiveCfg = Debug|Any CPU
		{ABA078C4-F9BB-4924-8B2B-10FE0D2F5491}.Debug|Any CPU.Build.0 = Debug|Any CPU
		{ABA078C4-F9BB-4924-8B2B-10FE0D2F5491}.Debug|ARM.ActiveCfg = Debug|Any CPU
		{ABA078C4-F9BB-4924-8B2B-10FE0D2F5491}.Debug|ARM.Build.0 = Debug|Any CPU
		{ABA078C4-F9BB-4924-8B2B-10FE0D2F5491}.Debug|iPhone.ActiveCfg = Debug|Any CPU
		{ABA078C4-F9BB-4924-8B2B-10FE0D2F5491}.Debug|iPhone.Build.0 = Debug|Any CPU
		{ABA078C4-F9BB-4924-8B2B-10FE0D2F5491}.Debug|iPhoneSimulator.ActiveCfg = Debug|Any CPU
		{ABA078C4-F9BB-4924-8B2B-10FE0D2F5491}.Debug|iPhoneSimulator.Build.0 = Debug|Any CPU
		{ABA078C4-F9BB-4924-8B2B-10FE0D2F5491}.Debug|x64.ActiveCfg = Debug|Any CPU
		{ABA078C4-F9BB-4924-8B2B-10FE0D2F5491}.Debug|x64.Build.0 = Debug|Any CPU
		{ABA078C4-F9BB-4924-8B2B-10FE0D2F5491}.Debug|x86.ActiveCfg = Debug|Any CPU
		{ABA078C4-F9BB-4924-8B2B-10FE0D2F5491}.Debug|x86.Build.0 = Debug|Any CPU
		{ABA078C4-F9BB-4924-8B2B-10FE0D2F5491}.Release|Any CPU.ActiveCfg = Release|Any CPU
		{ABA078C4-F9BB-4924-8B2B-10FE0D2F5491}.Release|Any CPU.Build.0 = Release|Any CPU
		{ABA078C4-F9BB-4924-8B2B-10FE0D2F5491}.Release|ARM.ActiveCfg = Release|Any CPU
		{ABA078C4-F9BB-4924-8B2B-10FE0D2F5491}.Release|ARM.Build.0 = Release|Any CPU
		{ABA078C4-F9BB-4924-8B2B-10FE0D2F5491}.Release|iPhone.ActiveCfg = Release|Any CPU
		{ABA078C4-F9BB-4924-8B2B-10FE0D2F5491}.Release|iPhone.Build.0 = Release|Any CPU
		{ABA078C4-F9BB-4924-8B2B-10FE0D2F5491}.Release|iPhoneSimulator.ActiveCfg = Release|Any CPU
		{ABA078C4-F9BB-4924-8B2B-10FE0D2F5491}.Release|iPhoneSimulator.Build.0 = Release|Any CPU
		{ABA078C4-F9BB-4924-8B2B-10FE0D2F5491}.Release|x64.ActiveCfg = Release|Any CPU
		{ABA078C4-F9BB-4924-8B2B-10FE0D2F5491}.Release|x64.Build.0 = Release|Any CPU
		{ABA078C4-F9BB-4924-8B2B-10FE0D2F5491}.Release|x86.ActiveCfg = Release|Any CPU
		{ABA078C4-F9BB-4924-8B2B-10FE0D2F5491}.Release|x86.Build.0 = Release|Any CPU
		{04D89A60-78EF-4A32-AE17-87E47E0233A5}.Debug|Any CPU.ActiveCfg = Debug|Any CPU
		{04D89A60-78EF-4A32-AE17-87E47E0233A5}.Debug|Any CPU.Build.0 = Debug|Any CPU
		{04D89A60-78EF-4A32-AE17-87E47E0233A5}.Debug|ARM.ActiveCfg = Debug|Any CPU
		{04D89A60-78EF-4A32-AE17-87E47E0233A5}.Debug|ARM.Build.0 = Debug|Any CPU
		{04D89A60-78EF-4A32-AE17-87E47E0233A5}.Debug|iPhone.ActiveCfg = Debug|Any CPU
		{04D89A60-78EF-4A32-AE17-87E47E0233A5}.Debug|iPhone.Build.0 = Debug|Any CPU
		{04D89A60-78EF-4A32-AE17-87E47E0233A5}.Debug|iPhoneSimulator.ActiveCfg = Debug|Any CPU
		{04D89A60-78EF-4A32-AE17-87E47E0233A5}.Debug|iPhoneSimulator.Build.0 = Debug|Any CPU
		{04D89A60-78EF-4A32-AE17-87E47E0233A5}.Debug|x64.ActiveCfg = Debug|Any CPU
		{04D89A60-78EF-4A32-AE17-87E47E0233A5}.Debug|x64.Build.0 = Debug|Any CPU
		{04D89A60-78EF-4A32-AE17-87E47E0233A5}.Debug|x86.ActiveCfg = Debug|Any CPU
		{04D89A60-78EF-4A32-AE17-87E47E0233A5}.Debug|x86.Build.0 = Debug|Any CPU
		{04D89A60-78EF-4A32-AE17-87E47E0233A5}.Release|Any CPU.ActiveCfg = Release|Any CPU
		{04D89A60-78EF-4A32-AE17-87E47E0233A5}.Release|Any CPU.Build.0 = Release|Any CPU
		{04D89A60-78EF-4A32-AE17-87E47E0233A5}.Release|ARM.ActiveCfg = Release|Any CPU
		{04D89A60-78EF-4A32-AE17-87E47E0233A5}.Release|ARM.Build.0 = Release|Any CPU
		{04D89A60-78EF-4A32-AE17-87E47E0233A5}.Release|iPhone.ActiveCfg = Release|Any CPU
		{04D89A60-78EF-4A32-AE17-87E47E0233A5}.Release|iPhone.Build.0 = Release|Any CPU
		{04D89A60-78EF-4A32-AE17-87E47E0233A5}.Release|iPhoneSimulator.ActiveCfg = Release|Any CPU
		{04D89A60-78EF-4A32-AE17-87E47E0233A5}.Release|iPhoneSimulator.Build.0 = Release|Any CPU
		{04D89A60-78EF-4A32-AE17-87E47E0233A5}.Release|x64.ActiveCfg = Release|Any CPU
		{04D89A60-78EF-4A32-AE17-87E47E0233A5}.Release|x64.Build.0 = Release|Any CPU
		{04D89A60-78EF-4A32-AE17-87E47E0233A5}.Release|x86.ActiveCfg = Release|Any CPU
		{04D89A60-78EF-4A32-AE17-87E47E0233A5}.Release|x86.Build.0 = Release|Any CPU
		{1C2A76EB-3847-4369-9F6E-677AE4B49318}.Debug|Any CPU.ActiveCfg = Debug|Any CPU
		{1C2A76EB-3847-4369-9F6E-677AE4B49318}.Debug|Any CPU.Build.0 = Debug|Any CPU
		{1C2A76EB-3847-4369-9F6E-677AE4B49318}.Debug|ARM.ActiveCfg = Debug|Any CPU
		{1C2A76EB-3847-4369-9F6E-677AE4B49318}.Debug|ARM.Build.0 = Debug|Any CPU
		{1C2A76EB-3847-4369-9F6E-677AE4B49318}.Debug|iPhone.ActiveCfg = Debug|Any CPU
		{1C2A76EB-3847-4369-9F6E-677AE4B49318}.Debug|iPhone.Build.0 = Debug|Any CPU
		{1C2A76EB-3847-4369-9F6E-677AE4B49318}.Debug|iPhoneSimulator.ActiveCfg = Debug|Any CPU
		{1C2A76EB-3847-4369-9F6E-677AE4B49318}.Debug|iPhoneSimulator.Build.0 = Debug|Any CPU
		{1C2A76EB-3847-4369-9F6E-677AE4B49318}.Debug|x64.ActiveCfg = Debug|Any CPU
		{1C2A76EB-3847-4369-9F6E-677AE4B49318}.Debug|x64.Build.0 = Debug|Any CPU
		{1C2A76EB-3847-4369-9F6E-677AE4B49318}.Debug|x86.ActiveCfg = Debug|Any CPU
		{1C2A76EB-3847-4369-9F6E-677AE4B49318}.Debug|x86.Build.0 = Debug|Any CPU
		{1C2A76EB-3847-4369-9F6E-677AE4B49318}.Release|Any CPU.ActiveCfg = Release|Any CPU
		{1C2A76EB-3847-4369-9F6E-677AE4B49318}.Release|Any CPU.Build.0 = Release|Any CPU
		{1C2A76EB-3847-4369-9F6E-677AE4B49318}.Release|ARM.ActiveCfg = Release|Any CPU
		{1C2A76EB-3847-4369-9F6E-677AE4B49318}.Release|ARM.Build.0 = Release|Any CPU
		{1C2A76EB-3847-4369-9F6E-677AE4B49318}.Release|iPhone.ActiveCfg = Release|Any CPU
		{1C2A76EB-3847-4369-9F6E-677AE4B49318}.Release|iPhone.Build.0 = Release|Any CPU
		{1C2A76EB-3847-4369-9F6E-677AE4B49318}.Release|iPhoneSimulator.ActiveCfg = Release|Any CPU
		{1C2A76EB-3847-4369-9F6E-677AE4B49318}.Release|iPhoneSimulator.Build.0 = Release|Any CPU
		{1C2A76EB-3847-4369-9F6E-677AE4B49318}.Release|x64.ActiveCfg = Release|Any CPU
		{1C2A76EB-3847-4369-9F6E-677AE4B49318}.Release|x64.Build.0 = Release|Any CPU
		{1C2A76EB-3847-4369-9F6E-677AE4B49318}.Release|x86.ActiveCfg = Release|Any CPU
		{1C2A76EB-3847-4369-9F6E-677AE4B49318}.Release|x86.Build.0 = Release|Any CPU
		{C4D2B1CB-6246-4B40-93AB-F14D4D27C2AE}.Debug|Any CPU.ActiveCfg = Debug|Any CPU
		{C4D2B1CB-6246-4B40-93AB-F14D4D27C2AE}.Debug|Any CPU.Build.0 = Debug|Any CPU
		{C4D2B1CB-6246-4B40-93AB-F14D4D27C2AE}.Debug|ARM.ActiveCfg = Debug|Any CPU
		{C4D2B1CB-6246-4B40-93AB-F14D4D27C2AE}.Debug|ARM.Build.0 = Debug|Any CPU
		{C4D2B1CB-6246-4B40-93AB-F14D4D27C2AE}.Debug|iPhone.ActiveCfg = Debug|Any CPU
		{C4D2B1CB-6246-4B40-93AB-F14D4D27C2AE}.Debug|iPhone.Build.0 = Debug|Any CPU
		{C4D2B1CB-6246-4B40-93AB-F14D4D27C2AE}.Debug|iPhoneSimulator.ActiveCfg = Debug|Any CPU
		{C4D2B1CB-6246-4B40-93AB-F14D4D27C2AE}.Debug|iPhoneSimulator.Build.0 = Debug|Any CPU
		{C4D2B1CB-6246-4B40-93AB-F14D4D27C2AE}.Debug|x64.ActiveCfg = Debug|Any CPU
		{C4D2B1CB-6246-4B40-93AB-F14D4D27C2AE}.Debug|x64.Build.0 = Debug|Any CPU
		{C4D2B1CB-6246-4B40-93AB-F14D4D27C2AE}.Debug|x86.ActiveCfg = Debug|Any CPU
		{C4D2B1CB-6246-4B40-93AB-F14D4D27C2AE}.Debug|x86.Build.0 = Debug|Any CPU
		{C4D2B1CB-6246-4B40-93AB-F14D4D27C2AE}.Release|Any CPU.ActiveCfg = Release|Any CPU
		{C4D2B1CB-6246-4B40-93AB-F14D4D27C2AE}.Release|Any CPU.Build.0 = Release|Any CPU
		{C4D2B1CB-6246-4B40-93AB-F14D4D27C2AE}.Release|ARM.ActiveCfg = Release|Any CPU
		{C4D2B1CB-6246-4B40-93AB-F14D4D27C2AE}.Release|ARM.Build.0 = Release|Any CPU
		{C4D2B1CB-6246-4B40-93AB-F14D4D27C2AE}.Release|iPhone.ActiveCfg = Release|Any CPU
		{C4D2B1CB-6246-4B40-93AB-F14D4D27C2AE}.Release|iPhone.Build.0 = Release|Any CPU
		{C4D2B1CB-6246-4B40-93AB-F14D4D27C2AE}.Release|iPhoneSimulator.ActiveCfg = Release|Any CPU
		{C4D2B1CB-6246-4B40-93AB-F14D4D27C2AE}.Release|iPhoneSimulator.Build.0 = Release|Any CPU
		{C4D2B1CB-6246-4B40-93AB-F14D4D27C2AE}.Release|x64.ActiveCfg = Release|Any CPU
		{C4D2B1CB-6246-4B40-93AB-F14D4D27C2AE}.Release|x64.Build.0 = Release|Any CPU
		{C4D2B1CB-6246-4B40-93AB-F14D4D27C2AE}.Release|x86.ActiveCfg = Release|Any CPU
		{C4D2B1CB-6246-4B40-93AB-F14D4D27C2AE}.Release|x86.Build.0 = Release|Any CPU
		{00D8D049-FFAA-4759-8FC9-1ECA30777F72}.Debug|Any CPU.ActiveCfg = Debug|Any CPU
		{00D8D049-FFAA-4759-8FC9-1ECA30777F72}.Debug|Any CPU.Build.0 = Debug|Any CPU
		{00D8D049-FFAA-4759-8FC9-1ECA30777F72}.Debug|ARM.ActiveCfg = Debug|Any CPU
		{00D8D049-FFAA-4759-8FC9-1ECA30777F72}.Debug|ARM.Build.0 = Debug|Any CPU
		{00D8D049-FFAA-4759-8FC9-1ECA30777F72}.Debug|iPhone.ActiveCfg = Debug|Any CPU
		{00D8D049-FFAA-4759-8FC9-1ECA30777F72}.Debug|iPhone.Build.0 = Debug|Any CPU
		{00D8D049-FFAA-4759-8FC9-1ECA30777F72}.Debug|iPhoneSimulator.ActiveCfg = Debug|Any CPU
		{00D8D049-FFAA-4759-8FC9-1ECA30777F72}.Debug|iPhoneSimulator.Build.0 = Debug|Any CPU
		{00D8D049-FFAA-4759-8FC9-1ECA30777F72}.Debug|x64.ActiveCfg = Debug|Any CPU
		{00D8D049-FFAA-4759-8FC9-1ECA30777F72}.Debug|x64.Build.0 = Debug|Any CPU
		{00D8D049-FFAA-4759-8FC9-1ECA30777F72}.Debug|x86.ActiveCfg = Debug|Any CPU
		{00D8D049-FFAA-4759-8FC9-1ECA30777F72}.Debug|x86.Build.0 = Debug|Any CPU
		{00D8D049-FFAA-4759-8FC9-1ECA30777F72}.Release|Any CPU.ActiveCfg = Release|Any CPU
		{00D8D049-FFAA-4759-8FC9-1ECA30777F72}.Release|Any CPU.Build.0 = Release|Any CPU
		{00D8D049-FFAA-4759-8FC9-1ECA30777F72}.Release|ARM.ActiveCfg = Release|Any CPU
		{00D8D049-FFAA-4759-8FC9-1ECA30777F72}.Release|ARM.Build.0 = Release|Any CPU
		{00D8D049-FFAA-4759-8FC9-1ECA30777F72}.Release|iPhone.ActiveCfg = Release|Any CPU
		{00D8D049-FFAA-4759-8FC9-1ECA30777F72}.Release|iPhone.Build.0 = Release|Any CPU
		{00D8D049-FFAA-4759-8FC9-1ECA30777F72}.Release|iPhoneSimulator.ActiveCfg = Release|Any CPU
		{00D8D049-FFAA-4759-8FC9-1ECA30777F72}.Release|iPhoneSimulator.Build.0 = Release|Any CPU
		{00D8D049-FFAA-4759-8FC9-1ECA30777F72}.Release|x64.ActiveCfg = Release|Any CPU
		{00D8D049-FFAA-4759-8FC9-1ECA30777F72}.Release|x64.Build.0 = Release|Any CPU
		{00D8D049-FFAA-4759-8FC9-1ECA30777F72}.Release|x86.ActiveCfg = Release|Any CPU
		{00D8D049-FFAA-4759-8FC9-1ECA30777F72}.Release|x86.Build.0 = Release|Any CPU
		{09AD4C9A-5AB0-41BF-896D-19EBFE63B031}.Debug|Any CPU.ActiveCfg = Debug|Any CPU
		{09AD4C9A-5AB0-41BF-896D-19EBFE63B031}.Debug|Any CPU.Build.0 = Debug|Any CPU
		{09AD4C9A-5AB0-41BF-896D-19EBFE63B031}.Debug|ARM.ActiveCfg = Debug|Any CPU
		{09AD4C9A-5AB0-41BF-896D-19EBFE63B031}.Debug|ARM.Build.0 = Debug|Any CPU
		{09AD4C9A-5AB0-41BF-896D-19EBFE63B031}.Debug|iPhone.ActiveCfg = Debug|Any CPU
		{09AD4C9A-5AB0-41BF-896D-19EBFE63B031}.Debug|iPhone.Build.0 = Debug|Any CPU
		{09AD4C9A-5AB0-41BF-896D-19EBFE63B031}.Debug|iPhoneSimulator.ActiveCfg = Debug|Any CPU
		{09AD4C9A-5AB0-41BF-896D-19EBFE63B031}.Debug|iPhoneSimulator.Build.0 = Debug|Any CPU
		{09AD4C9A-5AB0-41BF-896D-19EBFE63B031}.Debug|x64.ActiveCfg = Debug|Any CPU
		{09AD4C9A-5AB0-41BF-896D-19EBFE63B031}.Debug|x64.Build.0 = Debug|Any CPU
		{09AD4C9A-5AB0-41BF-896D-19EBFE63B031}.Debug|x86.ActiveCfg = Debug|Any CPU
		{09AD4C9A-5AB0-41BF-896D-19EBFE63B031}.Debug|x86.Build.0 = Debug|Any CPU
		{09AD4C9A-5AB0-41BF-896D-19EBFE63B031}.Release|Any CPU.ActiveCfg = Release|Any CPU
		{09AD4C9A-5AB0-41BF-896D-19EBFE63B031}.Release|Any CPU.Build.0 = Release|Any CPU
		{09AD4C9A-5AB0-41BF-896D-19EBFE63B031}.Release|ARM.ActiveCfg = Release|Any CPU
		{09AD4C9A-5AB0-41BF-896D-19EBFE63B031}.Release|ARM.Build.0 = Release|Any CPU
		{09AD4C9A-5AB0-41BF-896D-19EBFE63B031}.Release|iPhone.ActiveCfg = Release|Any CPU
		{09AD4C9A-5AB0-41BF-896D-19EBFE63B031}.Release|iPhone.Build.0 = Release|Any CPU
		{09AD4C9A-5AB0-41BF-896D-19EBFE63B031}.Release|iPhoneSimulator.ActiveCfg = Release|Any CPU
		{09AD4C9A-5AB0-41BF-896D-19EBFE63B031}.Release|iPhoneSimulator.Build.0 = Release|Any CPU
		{09AD4C9A-5AB0-41BF-896D-19EBFE63B031}.Release|x64.ActiveCfg = Release|Any CPU
		{09AD4C9A-5AB0-41BF-896D-19EBFE63B031}.Release|x64.Build.0 = Release|Any CPU
		{09AD4C9A-5AB0-41BF-896D-19EBFE63B031}.Release|x86.ActiveCfg = Release|Any CPU
		{09AD4C9A-5AB0-41BF-896D-19EBFE63B031}.Release|x86.Build.0 = Release|Any CPU
		{0E16E70A-D6DD-4323-AD5D-363ABFF42D6A}.Debug|Any CPU.ActiveCfg = Debug|Any CPU
		{0E16E70A-D6DD-4323-AD5D-363ABFF42D6A}.Debug|Any CPU.Build.0 = Debug|Any CPU
		{0E16E70A-D6DD-4323-AD5D-363ABFF42D6A}.Debug|ARM.ActiveCfg = Debug|Any CPU
		{0E16E70A-D6DD-4323-AD5D-363ABFF42D6A}.Debug|ARM.Build.0 = Debug|Any CPU
		{0E16E70A-D6DD-4323-AD5D-363ABFF42D6A}.Debug|iPhone.ActiveCfg = Debug|Any CPU
		{0E16E70A-D6DD-4323-AD5D-363ABFF42D6A}.Debug|iPhone.Build.0 = Debug|Any CPU
		{0E16E70A-D6DD-4323-AD5D-363ABFF42D6A}.Debug|iPhoneSimulator.ActiveCfg = Debug|Any CPU
		{0E16E70A-D6DD-4323-AD5D-363ABFF42D6A}.Debug|iPhoneSimulator.Build.0 = Debug|Any CPU
		{0E16E70A-D6DD-4323-AD5D-363ABFF42D6A}.Debug|x64.ActiveCfg = Debug|Any CPU
		{0E16E70A-D6DD-4323-AD5D-363ABFF42D6A}.Debug|x64.Build.0 = Debug|Any CPU
		{0E16E70A-D6DD-4323-AD5D-363ABFF42D6A}.Debug|x86.ActiveCfg = Debug|Any CPU
		{0E16E70A-D6DD-4323-AD5D-363ABFF42D6A}.Debug|x86.Build.0 = Debug|Any CPU
		{0E16E70A-D6DD-4323-AD5D-363ABFF42D6A}.Release|Any CPU.ActiveCfg = Release|Any CPU
		{0E16E70A-D6DD-4323-AD5D-363ABFF42D6A}.Release|Any CPU.Build.0 = Release|Any CPU
		{0E16E70A-D6DD-4323-AD5D-363ABFF42D6A}.Release|ARM.ActiveCfg = Release|Any CPU
		{0E16E70A-D6DD-4323-AD5D-363ABFF42D6A}.Release|ARM.Build.0 = Release|Any CPU
		{0E16E70A-D6DD-4323-AD5D-363ABFF42D6A}.Release|iPhone.ActiveCfg = Release|Any CPU
		{0E16E70A-D6DD-4323-AD5D-363ABFF42D6A}.Release|iPhone.Build.0 = Release|Any CPU
		{0E16E70A-D6DD-4323-AD5D-363ABFF42D6A}.Release|iPhoneSimulator.ActiveCfg = Release|Any CPU
		{0E16E70A-D6DD-4323-AD5D-363ABFF42D6A}.Release|iPhoneSimulator.Build.0 = Release|Any CPU
		{0E16E70A-D6DD-4323-AD5D-363ABFF42D6A}.Release|x64.ActiveCfg = Release|Any CPU
		{0E16E70A-D6DD-4323-AD5D-363ABFF42D6A}.Release|x64.Build.0 = Release|Any CPU
		{0E16E70A-D6DD-4323-AD5D-363ABFF42D6A}.Release|x86.ActiveCfg = Release|Any CPU
		{0E16E70A-D6DD-4323-AD5D-363ABFF42D6A}.Release|x86.Build.0 = Release|Any CPU
		{3B72465B-ACAE-43AE-9327-10F372FE5F80}.Debug|Any CPU.ActiveCfg = Debug|Any CPU
		{3B72465B-ACAE-43AE-9327-10F372FE5F80}.Debug|Any CPU.Build.0 = Debug|Any CPU
		{3B72465B-ACAE-43AE-9327-10F372FE5F80}.Debug|ARM.ActiveCfg = Debug|Any CPU
		{3B72465B-ACAE-43AE-9327-10F372FE5F80}.Debug|ARM.Build.0 = Debug|Any CPU
		{3B72465B-ACAE-43AE-9327-10F372FE5F80}.Debug|iPhone.ActiveCfg = Debug|Any CPU
		{3B72465B-ACAE-43AE-9327-10F372FE5F80}.Debug|iPhone.Build.0 = Debug|Any CPU
		{3B72465B-ACAE-43AE-9327-10F372FE5F80}.Debug|iPhoneSimulator.ActiveCfg = Debug|Any CPU
		{3B72465B-ACAE-43AE-9327-10F372FE5F80}.Debug|iPhoneSimulator.Build.0 = Debug|Any CPU
		{3B72465B-ACAE-43AE-9327-10F372FE5F80}.Debug|x64.ActiveCfg = Debug|Any CPU
		{3B72465B-ACAE-43AE-9327-10F372FE5F80}.Debug|x64.Build.0 = Debug|Any CPU
		{3B72465B-ACAE-43AE-9327-10F372FE5F80}.Debug|x86.ActiveCfg = Debug|Any CPU
		{3B72465B-ACAE-43AE-9327-10F372FE5F80}.Debug|x86.Build.0 = Debug|Any CPU
		{3B72465B-ACAE-43AE-9327-10F372FE5F80}.Release|Any CPU.ActiveCfg = Release|Any CPU
		{3B72465B-ACAE-43AE-9327-10F372FE5F80}.Release|Any CPU.Build.0 = Release|Any CPU
		{3B72465B-ACAE-43AE-9327-10F372FE5F80}.Release|ARM.ActiveCfg = Release|Any CPU
		{3B72465B-ACAE-43AE-9327-10F372FE5F80}.Release|ARM.Build.0 = Release|Any CPU
		{3B72465B-ACAE-43AE-9327-10F372FE5F80}.Release|iPhone.ActiveCfg = Release|Any CPU
		{3B72465B-ACAE-43AE-9327-10F372FE5F80}.Release|iPhone.Build.0 = Release|Any CPU
		{3B72465B-ACAE-43AE-9327-10F372FE5F80}.Release|iPhoneSimulator.ActiveCfg = Release|Any CPU
		{3B72465B-ACAE-43AE-9327-10F372FE5F80}.Release|iPhoneSimulator.Build.0 = Release|Any CPU
		{3B72465B-ACAE-43AE-9327-10F372FE5F80}.Release|x64.ActiveCfg = Release|Any CPU
		{3B72465B-ACAE-43AE-9327-10F372FE5F80}.Release|x64.Build.0 = Release|Any CPU
		{3B72465B-ACAE-43AE-9327-10F372FE5F80}.Release|x86.ActiveCfg = Release|Any CPU
		{3B72465B-ACAE-43AE-9327-10F372FE5F80}.Release|x86.Build.0 = Release|Any CPU
		{271193C1-6E7C-429C-A36D-3F1BE5267231}.Debug|Any CPU.ActiveCfg = Debug|Any CPU
		{271193C1-6E7C-429C-A36D-3F1BE5267231}.Debug|Any CPU.Build.0 = Debug|Any CPU
		{271193C1-6E7C-429C-A36D-3F1BE5267231}.Debug|ARM.ActiveCfg = Debug|Any CPU
		{271193C1-6E7C-429C-A36D-3F1BE5267231}.Debug|ARM.Build.0 = Debug|Any CPU
		{271193C1-6E7C-429C-A36D-3F1BE5267231}.Debug|iPhone.ActiveCfg = Debug|Any CPU
		{271193C1-6E7C-429C-A36D-3F1BE5267231}.Debug|iPhone.Build.0 = Debug|Any CPU
		{271193C1-6E7C-429C-A36D-3F1BE5267231}.Debug|iPhoneSimulator.ActiveCfg = Debug|Any CPU
		{271193C1-6E7C-429C-A36D-3F1BE5267231}.Debug|iPhoneSimulator.Build.0 = Debug|Any CPU
		{271193C1-6E7C-429C-A36D-3F1BE5267231}.Debug|x64.ActiveCfg = Debug|Any CPU
		{271193C1-6E7C-429C-A36D-3F1BE5267231}.Debug|x64.Build.0 = Debug|Any CPU
		{271193C1-6E7C-429C-A36D-3F1BE5267231}.Debug|x86.ActiveCfg = Debug|Any CPU
		{271193C1-6E7C-429C-A36D-3F1BE5267231}.Debug|x86.Build.0 = Debug|Any CPU
		{271193C1-6E7C-429C-A36D-3F1BE5267231}.Release|Any CPU.ActiveCfg = Release|Any CPU
		{271193C1-6E7C-429C-A36D-3F1BE5267231}.Release|Any CPU.Build.0 = Release|Any CPU
		{271193C1-6E7C-429C-A36D-3F1BE5267231}.Release|ARM.ActiveCfg = Release|Any CPU
		{271193C1-6E7C-429C-A36D-3F1BE5267231}.Release|ARM.Build.0 = Release|Any CPU
		{271193C1-6E7C-429C-A36D-3F1BE5267231}.Release|iPhone.ActiveCfg = Release|Any CPU
		{271193C1-6E7C-429C-A36D-3F1BE5267231}.Release|iPhone.Build.0 = Release|Any CPU
		{271193C1-6E7C-429C-A36D-3F1BE5267231}.Release|iPhoneSimulator.ActiveCfg = Release|Any CPU
		{271193C1-6E7C-429C-A36D-3F1BE5267231}.Release|iPhoneSimulator.Build.0 = Release|Any CPU
		{271193C1-6E7C-429C-A36D-3F1BE5267231}.Release|x64.ActiveCfg = Release|Any CPU
		{271193C1-6E7C-429C-A36D-3F1BE5267231}.Release|x64.Build.0 = Release|Any CPU
		{271193C1-6E7C-429C-A36D-3F1BE5267231}.Release|x86.ActiveCfg = Release|Any CPU
		{271193C1-6E7C-429C-A36D-3F1BE5267231}.Release|x86.Build.0 = Release|Any CPU
	EndGlobalSection
	GlobalSection(SolutionProperties) = preSolution
		HideSolutionNode = FALSE
	EndGlobalSection
	GlobalSection(NestedProjects) = preSolution
		{8ED1FE75-0B48-4D4E-BDCE-FDCF046128D6} = {00FE3F63-3A2A-4DB8-9B01-560BF078CF05}
		{A9EA05BA-26DE-4005-83BB-FDF1289D2F2D} = {00FE3F63-3A2A-4DB8-9B01-560BF078CF05}
		{416F75F4-01A2-40F2-8666-47F8B52CD1E4} = {628C4F01-81BB-4BEE-862F-380B03017DAF}
		{BD50B39A-EBC5-408F-9C5E-923A8EBAE473} = {628C4F01-81BB-4BEE-862F-380B03017DAF}
		{ABA078C4-F9BB-4924-8B2B-10FE0D2F5491} = {628C4F01-81BB-4BEE-862F-380B03017DAF}
		{04D89A60-78EF-4A32-AE17-87E47E0233A5} = {628C4F01-81BB-4BEE-862F-380B03017DAF}
		{1C2A76EB-3847-4369-9F6E-677AE4B49318} = {628C4F01-81BB-4BEE-862F-380B03017DAF}
		{C4D2B1CB-6246-4B40-93AB-F14D4D27C2AE} = {628C4F01-81BB-4BEE-862F-380B03017DAF}
		{00D8D049-FFAA-4759-8FC9-1ECA30777F72} = {628C4F01-81BB-4BEE-862F-380B03017DAF}
		{09AD4C9A-5AB0-41BF-896D-19EBFE63B031} = {628C4F01-81BB-4BEE-862F-380B03017DAF}
		{0E16E70A-D6DD-4323-AD5D-363ABFF42D6A} = {628C4F01-81BB-4BEE-862F-380B03017DAF}
		{3B72465B-ACAE-43AE-9327-10F372FE5F80} = {628C4F01-81BB-4BEE-862F-380B03017DAF}
		{271193C1-6E7C-429C-A36D-3F1BE5267231} = {628C4F01-81BB-4BEE-862F-380B03017DAF}
	EndGlobalSection
	GlobalSection(ExtensibilityGlobals) = postSolution
		SolutionGuid = {CDBDA50D-49D4-477A-B45D-A6E2692575D5}
	EndGlobalSection
EndGlobal
